# This file was autogenerated by Stack.
# You should not edit this file by hand.
# For more information, please see the documentation at:
#   https://docs.haskellstack.org/en/stable/lock_files

packages:
- completed:
    hackage: I1M-0.1.0@sha256:1b3afb2863632473de430f3924b0630a4e690a7d3786d09ceaaac7f9b0cd9afc,2289
    pantry-tree:
      size: 2064
      sha256: 6c2087fffca87570d69d054c8c42db433a0b7de7f9685422e0def5bb360abda6
  original:
    hackage: I1M-0.1.0
snapshots:
- completed:
    size: 567241
    url: https://raw.githubusercontent.com/commercialhaskell/stackage-snapshots/master/lts/17/10.yaml
    sha256: 321b3b9f0c7f76994b39e0dabafdc76478274b4ff74cc5e43d410897a335ad3b
  original: lts-17.10
